
Microsoft Visual Studio Solution File, Format Version 12.00
# Visual Studio Version 18
VisualStudioVersion = 18.5.11801.241 oobstable
MinimumVisualStudioVersion = 10.0.40219.1
Project("{FAE04EC0-301F-11D3-BF4B-00C04F79EFBC}") = "MdfToBakConverter", "MdfToBakConverter.csproj", "{146DA46A-8509-0AED-084B-4820C51DE83A}"
EndProject
Global
	GlobalSection(SolutionConfigurationPlatforms) = preSolution
		Debug|Any CPU = Debug|Any CPU
		Release|Any CPU = Release|Any CPU
	EndGlobalSection
	GlobalSection(ProjectConfigurationPlatforms) = postSolution
		{146DA46A-8509-0AED-084B-4820C51DE83A}.Debug|Any CPU.ActiveCfg = Debug|Any CPU
		{146DA46A-8509-0AED-084B-4820C51DE83A}.Debug|Any CPU.Build.0 = Debug|Any CPU
		{146DA46A-8509-0AED-084B-4820C51DE83A}.Release|Any CPU.ActiveCfg = Release|Any CPU
		{146DA46A-8509-0AED-084B-4820C51DE83A}.Release|Any CPU.Build.0 = Release|Any CPU
	EndGlobalSection
	GlobalSection(SolutionProperties) = preSolution
		HideSolutionNode = FALSE
	EndGlobalSection
	GlobalSection(ExtensibilityGlobals) = postSolution
		SolutionGuid = {3EDF050B-4DEC-4811-B612-85AE009C20B6}
	EndGlobalSection
EndGlobal
